<?xml version="1.0" encoding="utf-8"?>
<Project ToolsVersion="4.0" xmlns="http://schemas.microsoft.com/developer/msbuild/2003">
  <ItemGroup><Filter Include="Core"><UniqueIdentifier>{A5B3C247-0DA1-4D88-A7BA-EAA51D65F911}</UniqueIdentifier></Filter><Filter Include="GUI"><UniqueIdentifier>{E37F7B58-5C80-4A3D-B2BA-79A0F3379E45}</UniqueIdentifier></Filter><Filter Include="Headers"><UniqueIdentifier>{A90B46C1-9DBF-477D-9D23-31E238F5DF2A}</UniqueIdentifier></Filter><Filter Include="Configuration"><UniqueIdentifier>{C0D1F90F-98DB-4E4A-8EF1-C8E974049D09}</UniqueIdentifier></Filter></ItemGroup>
  <ItemGroup><ClCompile Include="src\SimulationTypes.cpp"><Filter>Core</Filter></ClCompile><ClCompile Include="src\Logging.cpp"><Filter>Core</Filter></ClCompile><ClCompile Include="src\DeviceFactory.cpp"><Filter>Core</Filter></ClCompile><ClCompile Include="src\SimulationEngine.cpp"><Filter>Core</Filter></ClCompile><ClCompile Include="..\InverterStatePattern\src\InverterController.cpp"><Filter>Core</Filter></ClCompile><ClCompile Include="src\gui\SimulatorApp.cpp"><Filter>GUI</Filter></ClCompile><ClCompile Include="src\gui\MainFrame.cpp"><Filter>GUI</Filter></ClCompile></ItemGroup>
  <ItemGroup><ClInclude Include="include\simulator\SimulationTypes.hpp"><Filter>Headers</Filter></ClInclude><ClInclude Include="include\simulator\Logging.hpp"><Filter>Headers</Filter></ClInclude><ClInclude Include="include\simulator\DeviceFactory.hpp"><Filter>Headers</Filter></ClInclude><ClInclude Include="include\simulator\SimulationEngine.hpp"><Filter>Headers</Filter></ClInclude><ClInclude Include="include\simulator\SimulationCommands.hpp"><Filter>Headers</Filter></ClInclude><ClInclude Include="include\gui\MainFrame.hpp"><Filter>Headers</Filter></ClInclude><ClInclude Include="..\InverterStatePattern\include\firmware\InverterController.hpp"><Filter>Headers</Filter></ClInclude></ItemGroup>
  <ItemGroup><None Include="README.md"><Filter>Configuration</Filter></None><None Include="..\vcpkg.json"><Filter>Configuration</Filter></None><None Include="..\CMakePresets.json"><Filter>Configuration</Filter></None><None Include="..\README.md"><Filter>Configuration</Filter></None><None Include="..\SOLID.md"><Filter>Configuration</Filter></None></ItemGroup>
</Project>
