<?xml version="1.0" encoding="utf-8"?>
<Project ToolsVersion="4.0" xmlns="http://schemas.microsoft.com/developer/msbuild/2003">
  <ItemGroup><Filter Include="Core"><UniqueIdentifier>{7CB5132A-4E3A-4917-A039-70542A313402}</UniqueIdentifier></Filter><Filter Include="Tests"><UniqueIdentifier>{B21BFF1D-B5A4-4940-85CB-7D3AF34481A6}</UniqueIdentifier></Filter><Filter Include="Headers"><UniqueIdentifier>{510D0B90-1337-4A04-A8EE-565885501F49}</UniqueIdentifier></Filter></ItemGroup>
  <ItemGroup><ClCompile Include="src\SimulationTypes.cpp"><Filter>Core</Filter></ClCompile><ClCompile Include="src\Logging.cpp"><Filter>Core</Filter></ClCompile><ClCompile Include="src\DeviceFactory.cpp"><Filter>Core</Filter></ClCompile><ClCompile Include="src\SimulationEngine.cpp"><Filter>Core</Filter></ClCompile><ClCompile Include="..\InverterStatePattern\src\InverterController.cpp"><Filter>Core</Filter></ClCompile><ClCompile Include="tests\SimulationEngineTests.cpp"><Filter>Tests</Filter></ClCompile></ItemGroup>
  <ItemGroup><ClInclude Include="include\simulator\SimulationTypes.hpp"><Filter>Headers</Filter></ClInclude><ClInclude Include="include\simulator\Logging.hpp"><Filter>Headers</Filter></ClInclude><ClInclude Include="include\simulator\DeviceFactory.hpp"><Filter>Headers</Filter></ClInclude><ClInclude Include="include\simulator\SimulationEngine.hpp"><Filter>Headers</Filter></ClInclude><ClInclude Include="include\simulator\SimulationCommands.hpp"><Filter>Headers</Filter></ClInclude><ClInclude Include="..\InverterStatePattern\include\firmware\InverterController.hpp"><Filter>Headers</Filter></ClInclude></ItemGroup>
</Project>

